
Microsoft Visual Studio Solution File, Format Version 12.00
# Visual Studio 15
VisualStudioVersion = 15.0.27130.2027
MinimumVisualStudioVersion = 10.0.40219.1
Project("{9A19103F-16F7-4668-BE54-9A1E7A4F7556}") = "CQRS.Web.Public", "CQRS.Web.Public\CQRS.Web.Public.csproj", "{5DD216AB-9A1E-4E0E-9B02-5ABC7EFCFA50}"
EndProject
Project("{2150E333-8FDC-42A3-9474-1A3956D46DE8}") = "Infrastructure", "Infrastructure", "{8ED35CFA-D562-4CC0-A63A-FE91DEC5F82B}"
EndProject
Project("{9A19103F-16F7-4668-BE54-9A1E7A4F7556}") = "CQRS.Infrastructure", "CQRS.Infrastructure\CQRS.Infrastructure.csproj", "{35521A39-3D60-4FC9-9B8F-91538DC76370}"
EndProject
Project("{9A19103F-16F7-4668-BE54-9A1E7A4F7556}") = "CQRS.Infrastructure.Tests", "CQRS.Infrastructure.Tests\CQRS.Infrastructure.Tests.csproj", "{8089C6DA-6582-4CF3-ACCE-6A25002E02D9}"
EndProject
Project("{2150E333-8FDC-42A3-9474-1A3956D46DE8}") = "Solution Items", "Solution Items", "{591F5A1F-0191-4496-8125-4030CB91DFFD}"
	ProjectSection(SolutionItems) = preProject
		stylecop.json = stylecop.json
	EndProjectSection
EndProject
Global
	GlobalSection(SolutionConfigurationPlatforms) = preSolution
		Debug|Any CPU = Debug|Any CPU
		Release|Any CPU = Release|Any CPU
	EndGlobalSection
	GlobalSection(ProjectConfigurationPlatforms) = postSolution
		{5DD216AB-9A1E-4E0E-9B02-5ABC7EFCFA50}.Debug|Any CPU.ActiveCfg = Debug|Any CPU
		{5DD216AB-9A1E-4E0E-9B02-5ABC7EFCFA50}.Debug|Any CPU.Build.0 = Debug|Any CPU
		{5DD216AB-9A1E-4E0E-9B02-5ABC7EFCFA50}.Release|Any CPU.ActiveCfg = Release|Any CPU
		{5DD216AB-9A1E-4E0E-9B02-5ABC7EFCFA50}.Release|Any CPU.Build.0 = Release|Any CPU
		{35521A39-3D60-4FC9-9B8F-91538DC76370}.Debug|Any CPU.ActiveCfg = Debug|Any CPU
		{35521A39-3D60-4FC9-9B8F-91538DC76370}.Debug|Any CPU.Build.0 = Debug|Any CPU
		{35521A39-3D60-4FC9-9B8F-91538DC76370}.Release|Any CPU.ActiveCfg = Release|Any CPU
		{35521A39-3D60-4FC9-9B8F-91538DC76370}.Release|Any CPU.Build.0 = Release|Any CPU
		{8089C6DA-6582-4CF3-ACCE-6A25002E02D9}.Debug|Any CPU.ActiveCfg = Debug|Any CPU
		{8089C6DA-6582-4CF3-ACCE-6A25002E02D9}.Debug|Any CPU.Build.0 = Debug|Any CPU
		{8089C6DA-6582-4CF3-ACCE-6A25002E02D9}.Release|Any CPU.ActiveCfg = Release|Any CPU
		{8089C6DA-6582-4CF3-ACCE-6A25002E02D9}.Release|Any CPU.Build.0 = Release|Any CPU
	EndGlobalSection
	GlobalSection(SolutionProperties) = preSolution
		HideSolutionNode = FALSE
	EndGlobalSection
	GlobalSection(NestedProjects) = preSolution
		{35521A39-3D60-4FC9-9B8F-91538DC76370} = {8ED35CFA-D562-4CC0-A63A-FE91DEC5F82B}
		{8089C6DA-6582-4CF3-ACCE-6A25002E02D9} = {8ED35CFA-D562-4CC0-A63A-FE91DEC5F82B}
	EndGlobalSection
	GlobalSection(ExtensibilityGlobals) = postSolution
		SolutionGuid = {D4BD9E80-3A38-4AE1-8DFE-8D12FA17C770}
	EndGlobalSection
EndGlobal
